
Microsoft Visual Studio Solution File, Format Version 12.00
Project("{FAE04EC0-301F-11D3-BF4B-00C04F79EFBC}") = "Tickr", "Tickr\Tickr.csproj", "{CA506EFC-328C-4DEB-9922-94030B0A0C3E}"
EndProject
Project("{2150E333-8FDC-42A3-9474-1A3956D46DE8}") = "SolutionItems", "SolutionItems", "{614F6968-7B62-4E7B-A688-CC5EB219478B}"
ProjectSection(SolutionItems) = preProject
	README.md = README.md
	LICENSE = LICENSE
	.gitignore = .gitignore
EndProjectSection
EndProject
Project("{2150E333-8FDC-42A3-9474-1A3956D46DE8}") = "Server", "Server", "{CC86B015-6ABA-43C0-9D26-3BFAD27F46EA}"
EndProject
Project("{2150E333-8FDC-42A3-9474-1A3956D46DE8}") = "Client", "Client", "{336E612A-A61D-438C-A242-D2E78CFD4FDD}"
EndProject
Project("{FAE04EC0-301F-11D3-BF4B-00C04F79EFBC}") = "Tickr.Client", "Tickr.Client\Tickr.Client.csproj", "{8FC769E2-E90D-4902-AA3F-8815A8DEF9DA}"
EndProject
Project("{2150E333-8FDC-42A3-9474-1A3956D46DE8}") = "Tests", "Tests", "{597C4680-2373-4C89-B152-67D1A5DBF885}"
EndProject
Project("{FAE04EC0-301F-11D3-BF4B-00C04F79EFBC}") = "Tickr.Tests", "Tickr.Tests\Tickr.Tests.csproj", "{43019111-E340-4952-BFEE-785F9D92729C}"
EndProject
Global
	GlobalSection(SolutionConfigurationPlatforms) = preSolution
		Debug|Any CPU = Debug|Any CPU
		Release|Any CPU = Release|Any CPU
	EndGlobalSection
	GlobalSection(ProjectConfigurationPlatforms) = postSolution
		{CA506EFC-328C-4DEB-9922-94030B0A0C3E}.Debug|Any CPU.ActiveCfg = Debug|Any CPU
		{CA506EFC-328C-4DEB-9922-94030B0A0C3E}.Debug|Any CPU.Build.0 = Debug|Any CPU
		{CA506EFC-328C-4DEB-9922-94030B0A0C3E}.Release|Any CPU.ActiveCfg = Release|Any CPU
		{CA506EFC-328C-4DEB-9922-94030B0A0C3E}.Release|Any CPU.Build.0 = Release|Any CPU
		{8FC769E2-E90D-4902-AA3F-8815A8DEF9DA}.Debug|Any CPU.ActiveCfg = Debug|Any CPU
		{8FC769E2-E90D-4902-AA3F-8815A8DEF9DA}.Debug|Any CPU.Build.0 = Debug|Any CPU
		{8FC769E2-E90D-4902-AA3F-8815A8DEF9DA}.Release|Any CPU.ActiveCfg = Release|Any CPU
		{8FC769E2-E90D-4902-AA3F-8815A8DEF9DA}.Release|Any CPU.Build.0 = Release|Any CPU
		{43019111-E340-4952-BFEE-785F9D92729C}.Debug|Any CPU.ActiveCfg = Debug|Any CPU
		{43019111-E340-4952-BFEE-785F9D92729C}.Debug|Any CPU.Build.0 = Debug|Any CPU
		{43019111-E340-4952-BFEE-785F9D92729C}.Release|Any CPU.ActiveCfg = Release|Any CPU
		{43019111-E340-4952-BFEE-785F9D92729C}.Release|Any CPU.Build.0 = Release|Any CPU
	EndGlobalSection
	GlobalSection(NestedProjects) = preSolution
		{CA506EFC-328C-4DEB-9922-94030B0A0C3E} = {CC86B015-6ABA-43C0-9D26-3BFAD27F46EA}
		{8FC769E2-E90D-4902-AA3F-8815A8DEF9DA} = {336E612A-A61D-438C-A242-D2E78CFD4FDD}
		{43019111-E340-4952-BFEE-785F9D92729C} = {597C4680-2373-4C89-B152-67D1A5DBF885}
	EndGlobalSection
EndGlobal
